
Microsoft Visual Studio Solution File, Format Version 12.00
# Visual Studio Version 17
VisualStudioVersion = 17.9.34728.123
MinimumVisualStudioVersion = 10.0.40219.1
Project("{FAE04EC0-301F-11D3-BF4B-00C04F79EFBC}") = "DesafioEclipse", "DesafioEclipse.csproj", "{F7C35CB3-F2FA-4161-B5E0-D2A2BE686713}"
EndProject
Global
	GlobalSection(SolutionConfigurationPlatforms) = preSolution
		Debug|Any CPU = Debug|Any CPU
		Release|Any CPU = Release|Any CPU
	EndGlobalSection
	GlobalSection(ProjectConfigurationPlatforms) = postSolution
		{F7C35CB3-F2FA-4161-B5E0-D2A2BE686713}.Debug|Any CPU.ActiveCfg = Debug|Any CPU
		{F7C35CB3-F2FA-4161-B5E0-D2A2BE686713}.Debug|Any CPU.Build.0 = Debug|Any CPU
		{F7C35CB3-F2FA-4161-B5E0-D2A2BE686713}.Release|Any CPU.ActiveCfg = Release|Any CPU
		{F7C35CB3-F2FA-4161-B5E0-D2A2BE686713}.Release|Any CPU.Build.0 = Release|Any CPU
	EndGlobalSection
	GlobalSection(SolutionProperties) = preSolution
		HideSolutionNode = FALSE
	EndGlobalSection
	GlobalSection(ExtensibilityGlobals) = postSolution
		SolutionGuid = {586574A8-4D2B-4C99-A00E-C5FB3690EF01}
	EndGlobalSection
EndGlobal
